// !$*UTF8*$!
{
	archiveVersion = 1;
	classes = {
	};
	objectVersion = 56;
	objects = {

/* Begin PBXBuildFile section */
		8D1860F62A28DD2D00F89D18 /* MainNaviVC.swift in Sources */ = {isa = PBXBuildFile; fileRef = 8D1860F52A28DD2D00F89D18 /* MainNaviVC.swift */; };
		8D1860F82A28DDC500F89D18 /* LabsVC.swift in Sources */ = {isa = PBXBuildFile; fileRef = 8D1860F72A28DDC500F89D18 /* LabsVC.swift */; };
		8D1860FB2A29070B00F89D18 /* WebVC.swift in Sources */ = {isa = PBXBuildFile; fileRef = 8D1860FA2A29070B00F89D18 /* WebVC.swift */; };
		8D1860FD2A290BBB00F89D18 /* Test.html in Resources */ = {isa = PBXBuildFile; fileRef = 8D1860FC2A290BBB00F89D18 /* Test.html */; };
		8D36171D29F2CA7F00231628 /* AppDelegate.swift in Sources */ = {isa = PBXBuildFile; fileRef = 8D36171C29F2CA7F00231628 /* AppDelegate.swift */; };
		8D36171F29F2CA7F00231628 /* SceneDelegate.swift in Sources */ = {isa = PBXBuildFile; fileRef = 8D36171E29F2CA7F00231628 /* SceneDelegate.swift */; };
		8D36172129F2CA7F00231628 /* MainVC.swift in Sources */ = {isa = PBXBuildFile; fileRef = 8D36172029F2CA7F00231628 /* MainVC.swift */; };
		8D36172629F2CA8000231628 /* Assets.xcassets in Resources */ = {isa = PBXBuildFile; fileRef = 8D36172529F2CA8000231628 /* Assets.xcassets */; };
		8D36172929F2CA8000231628 /* LaunchScreen.storyboard in Resources */ = {isa = PBXBuildFile; fileRef = 8D36172729F2CA8000231628 /* LaunchScreen.storyboard */; };
		8D38229E29F5107D00B71F26 /* PractiseThenVM.swift in Sources */ = {isa = PBXBuildFile; fileRef = 8D38229D29F5107D00B71F26 /* PractiseThenVM.swift */; };
		8D3822A129F512CF00B71F26 /* PractiseThenTableViewHeader.swift in Sources */ = {isa = PBXBuildFile; fileRef = 8D3822A029F512CF00B71F26 /* PractiseThenTableViewHeader.swift */; };
		8D63FF462A30D8EC002177AA /* CookieWebVC.swift in Sources */ = {isa = PBXBuildFile; fileRef = 8D63FF452A30D8EC002177AA /* CookieWebVC.swift */; };
		8D685B912A49B71900629A37 /* BaseVC.swift in Sources */ = {isa = PBXBuildFile; fileRef = 8D685B902A49B71900629A37 /* BaseVC.swift */; };
		8D685B932A49B93D00629A37 /* CounterVC.swift in Sources */ = {isa = PBXBuildFile; fileRef = 8D685B922A49B93D00629A37 /* CounterVC.swift */; };
		8D685B952A49C30B00629A37 /* TwoCountersVC.swift in Sources */ = {isa = PBXBuildFile; fileRef = 8D685B942A49C30B00629A37 /* TwoCountersVC.swift */; };
		8D685B982A49D53100629A37 /* CounterView.swift in Sources */ = {isa = PBXBuildFile; fileRef = 8D685B972A49D53100629A37 /* CounterView.swift */; };
		8D685B9A2A49D8C500629A37 /* BaseView.swift in Sources */ = {isa = PBXBuildFile; fileRef = 8D685B992A49D8C500629A37 /* BaseView.swift */; };
		8D98EBAD2A44858B009DF067 /* SegmentedVC.swift in Sources */ = {isa = PBXBuildFile; fileRef = 8D98EBAC2A44858B009DF067 /* SegmentedVC.swift */; };
		8D98EBB22A4486B8009DF067 /* TypiCodeAPI.swift in Sources */ = {isa = PBXBuildFile; fileRef = 8D98EBAF2A4486B8009DF067 /* TypiCodeAPI.swift */; };
		8D98EBB32A4486B8009DF067 /* NetworkManager.swift in Sources */ = {isa = PBXBuildFile; fileRef = 8D98EBB02A4486B8009DF067 /* NetworkManager.swift */; };
		8D98EBB42A4486B8009DF067 /* API.swift in Sources */ = {isa = PBXBuildFile; fileRef = 8D98EBB12A4486B8009DF067 /* API.swift */; };
		8DAC242E29F412480012A85F /* MainTableViewCell.swift in Sources */ = {isa = PBXBuildFile; fileRef = 8DAC242D29F412480012A85F /* MainTableViewCell.swift */; };
		8DAC243129F417BB0012A85F /* SnapKit in Frameworks */ = {isa = PBXBuildFile; productRef = 8DAC243029F417BB0012A85F /* SnapKit */; };
		8DAC243429F41A7C0012A85F /* Then in Frameworks */ = {isa = PBXBuildFile; productRef = 8DAC243329F41A7C0012A85F /* Then */; };
		8DAC243629F433F50012A85F /* PractiseThenVC.swift in Sources */ = {isa = PBXBuildFile; fileRef = 8DAC243529F433F50012A85F /* PractiseThenVC.swift */; };
		8DD7138B2A4846D800209EEF /* Alamofire in Frameworks */ = {isa = PBXBuildFile; productRef = 8DD7138A2A4846D800209EEF /* Alamofire */; };
		8DD7138E2A4848D600209EEF /* ComposableArchitecture in Frameworks */ = {isa = PBXBuildFile; productRef = 8DD7138D2A4848D600209EEF /* ComposableArchitecture */; };
		8DD713902A484B7100209EEF /* NotificationSettingVC.swift in Sources */ = {isa = PBXBuildFile; fileRef = 8DD7138F2A484B7100209EEF /* NotificationSettingVC.swift */; };
		8DD713932A48512D00209EEF /* NavigationBarView.swift in Sources */ = {isa = PBXBuildFile; fileRef = 8DD713922A48512D00209EEF /* NavigationBarView.swift */; };
		8DD713952A4852D500209EEF /* NotificationSettingTableViewCell.swift in Sources */ = {isa = PBXBuildFile; fileRef = 8DD713942A4852D500209EEF /* NotificationSettingTableViewCell.swift */; };
		8DD713972A4853DD00209EEF /* UIColor+.swift in Sources */ = {isa = PBXBuildFile; fileRef = 8DD713962A4853DD00209EEF /* UIColor+.swift */; };
		8DD7139C2A485A9000209EEF /* CombineCocoa in Frameworks */ = {isa = PBXBuildFile; productRef = 8DD7139B2A485A9000209EEF /* CombineCocoa */; };
		8DD7139E2A485CC000209EEF /* TableView+.swift in Sources */ = {isa = PBXBuildFile; fileRef = 8DD7139D2A485CC000209EEF /* TableView+.swift */; };
/* End PBXBuildFile section */

/* Begin PBXFileReference section */
		8D1860F52A28DD2D00F89D18 /* MainNaviVC.swift */ = {isa = PBXFileReference; lastKnownFileType = sourcecode.swift; path = MainNaviVC.swift; sourceTree = "<group>"; };
		8D1860F72A28DDC500F89D18 /* LabsVC.swift */ = {isa = PBXFileReference; lastKnownFileType = sourcecode.swift; path = LabsVC.swift; sourceTree = "<group>"; };
		8D1860FA2A29070B00F89D18 /* WebVC.swift */ = {isa = PBXFileReference; lastKnownFileType = sourcecode.swift; path = WebVC.swift; sourceTree = "<group>"; };
		8D1860FC2A290BBB00F89D18 /* Test.html */ = {isa = PBXFileReference; lastKnownFileType = text.html; path = Test.html; sourceTree = "<group>"; };
		8D36171929F2CA7F00231628 /* LabsProject.app */ = {isa = PBXFileReference; explicitFileType = wrapper.application; includeInIndex = 0; path = LabsProject.app; sourceTree = BUILT_PRODUCTS_DIR; };
		8D36171C29F2CA7F00231628 /* AppDelegate.swift */ = {isa = PBXFileReference; lastKnownFileType = sourcecode.swift; path = AppDelegate.swift; sourceTree = "<group>"; };
		8D36171E29F2CA7F00231628 /* SceneDelegate.swift */ = {isa = PBXFileReference; lastKnownFileType = sourcecode.swift; path = SceneDelegate.swift; sourceTree = "<group>"; };
		8D36172029F2CA7F00231628 /* MainVC.swift */ = {isa = PBXFileReference; lastKnownFileType = sourcecode.swift; path = MainVC.swift; sourceTree = "<group>"; };
		8D36172529F2CA8000231628 /* Assets.xcassets */ = {isa = PBXFileReference; lastKnownFileType = folder.assetcatalog; path = Assets.xcassets; sourceTree = "<group>"; };
		8D36172829F2CA8000231628 /* Base */ = {isa = PBXFileReference; lastKnownFileType = file.storyboard; name = Base; path = Base.lproj/LaunchScreen.storyboard; sourceTree = "<group>"; };
		8D36172A29F2CA8000231628 /* Info.plist */ = {isa = PBXFileReference; lastKnownFileType = text.plist.xml; path = Info.plist; sourceTree = "<group>"; };
		8D38229D29F5107D00B71F26 /* PractiseThenVM.swift */ = {isa = PBXFileReference; lastKnownFileType = sourcecode.swift; path = PractiseThenVM.swift; sourceTree = "<group>"; };
		8D3822A029F512CF00B71F26 /* PractiseThenTableViewHeader.swift */ = {isa = PBXFileReference; lastKnownFileType = sourcecode.swift; path = PractiseThenTableViewHeader.swift; sourceTree = "<group>"; };
		8D63FF452A30D8EC002177AA /* CookieWebVC.swift */ = {isa = PBXFileReference; lastKnownFileType = sourcecode.swift; path = CookieWebVC.swift; sourceTree = "<group>"; };
		8D685B902A49B71900629A37 /* BaseVC.swift */ = {isa = PBXFileReference; fileEncoding = 4; lastKnownFileType = sourcecode.swift; path = BaseVC.swift; sourceTree = "<group>"; };
		8D685B922A49B93D00629A37 /* CounterVC.swift */ = {isa = PBXFileReference; lastKnownFileType = sourcecode.swift; path = CounterVC.swift; sourceTree = "<group>"; };
		8D685B942A49C30B00629A37 /* TwoCountersVC.swift */ = {isa = PBXFileReference; lastKnownFileType = sourcecode.swift; path = TwoCountersVC.swift; sourceTree = "<group>"; };
		8D685B972A49D53100629A37 /* CounterView.swift */ = {isa = PBXFileReference; lastKnownFileType = sourcecode.swift; path = CounterView.swift; sourceTree = "<group>"; };
		8D685B992A49D8C500629A37 /* BaseView.swift */ = {isa = PBXFileReference; lastKnownFileType = sourcecode.swift; path = BaseView.swift; sourceTree = "<group>"; };
		8D98EBAC2A44858B009DF067 /* SegmentedVC.swift */ = {isa = PBXFileReference; lastKnownFileType = sourcecode.swift; path = SegmentedVC.swift; sourceTree = "<group>"; };
		8D98EBAF2A4486B8009DF067 /* TypiCodeAPI.swift */ = {isa = PBXFileReference; fileEncoding = 4; lastKnownFileType = sourcecode.swift; path = TypiCodeAPI.swift; sourceTree = "<group>"; };
		8D98EBB02A4486B8009DF067 /* NetworkManager.swift */ = {isa = PBXFileReference; fileEncoding = 4; lastKnownFileType = sourcecode.swift; path = NetworkManager.swift; sourceTree = "<group>"; };
		8D98EBB12A4486B8009DF067 /* API.swift */ = {isa = PBXFileReference; fileEncoding = 4; lastKnownFileType = sourcecode.swift; path = API.swift; sourceTree = "<group>"; };
		8DAC242D29F412480012A85F /* MainTableViewCell.swift */ = {isa = PBXFileReference; lastKnownFileType = sourcecode.swift; path = MainTableViewCell.swift; sourceTree = "<group>"; };
		8DAC243529F433F50012A85F /* PractiseThenVC.swift */ = {isa = PBXFileReference; lastKnownFileType = sourcecode.swift; path = PractiseThenVC.swift; sourceTree = "<group>"; };
		8DD7138F2A484B7100209EEF /* NotificationSettingVC.swift */ = {isa = PBXFileReference; lastKnownFileType = sourcecode.swift; path = NotificationSettingVC.swift; sourceTree = "<group>"; };
		8DD713922A48512D00209EEF /* NavigationBarView.swift */ = {isa = PBXFileReference; lastKnownFileType = sourcecode.swift; path = NavigationBarView.swift; sourceTree = "<group>"; };
		8DD713942A4852D500209EEF /* NotificationSettingTableViewCell.swift */ = {isa = PBXFileReference; lastKnownFileType = sourcecode.swift; path = NotificationSettingTableViewCell.swift; sourceTree = "<group>"; };
		8DD713962A4853DD00209EEF /* UIColor+.swift */ = {isa = PBXFileReference; lastKnownFileType = sourcecode.swift; path = "UIColor+.swift"; sourceTree = "<group>"; };
		8DD7139D2A485CC000209EEF /* TableView+.swift */ = {isa = PBXFileReference; lastKnownFileType = sourcecode.swift; path = "TableView+.swift"; sourceTree = "<group>"; };
/* End PBXFileReference section */

/* Begin PBXFrameworksBuildPhase section */
		8D36171629F2CA7F00231628 /* Frameworks */ = {
			isa = PBXFrameworksBuildPhase;
			buildActionMask = 2147483647;
			files = (
				8DD7138B2A4846D800209EEF /* Alamofire in Frameworks */,
				8DAC243129F417BB0012A85F /* SnapKit in Frameworks */,
				8DD7138E2A4848D600209EEF /* ComposableArchitecture in Frameworks */,
				8DD7139C2A485A9000209EEF /* CombineCocoa in Frameworks */,
				8DAC243429F41A7C0012A85F /* Then in Frameworks */,
			);
			runOnlyForDeploymentPostprocessing = 0;
		};
/* End PBXFrameworksBuildPhase section */

/* Begin PBXGroup section */
		8D1860F92A28FD7000F89D18 /* Web */ = {
			isa = PBXGroup;
			children = (
				8D1860FA2A29070B00F89D18 /* WebVC.swift */,
				8D63FF452A30D8EC002177AA /* CookieWebVC.swift */,
			);
			path = Web;
			sourceTree = "<group>";
		};
		8D36171029F2CA7F00231628 = {
			isa = PBXGroup;
			children = (
				8D36171B29F2CA7F00231628 /* LabsProject */,
				8D36171A29F2CA7F00231628 /* Products */,
			);
			sourceTree = "<group>";
		};
		8D36171A29F2CA7F00231628 /* Products */ = {
			isa = PBXGroup;
			children = (
				8D36171929F2CA7F00231628 /* LabsProject.app */,
			);
			name = Products;
			sourceTree = "<group>";
		};
		8D36171B29F2CA7F00231628 /* LabsProject */ = {
			isa = PBXGroup;
			children = (
				8D36171C29F2CA7F00231628 /* AppDelegate.swift */,
				8D36171E29F2CA7F00231628 /* SceneDelegate.swift */,
				8DD713912A48511A00209EEF /* Common */,
				8D98EBAE2A4486B8009DF067 /* Network */,
				8DAC242B29F3EB890012A85F /* Scene */,
				8D36172529F2CA8000231628 /* Assets.xcassets */,
				8D1860FC2A290BBB00F89D18 /* Test.html */,
				8D36172729F2CA8000231628 /* LaunchScreen.storyboard */,
				8D36172A29F2CA8000231628 /* Info.plist */,
			);
			path = LabsProject;
			sourceTree = "<group>";
		};
		8D38229C29F50FC500B71F26 /* Cell */ = {
			isa = PBXGroup;
			children = (
				8DAC242D29F412480012A85F /* MainTableViewCell.swift */,
			);
			path = Cell;
			sourceTree = "<group>";
		};
		8D38229F29F512B300B71F26 /* Header */ = {
			isa = PBXGroup;
			children = (
				8D3822A029F512CF00B71F26 /* PractiseThenTableViewHeader.swift */,
			);
			path = Header;
			sourceTree = "<group>";
		};
		8D4D3D3D2A3E0861009A64F6 /* Segmented */ = {
			isa = PBXGroup;
			children = (
				8D98EBAC2A44858B009DF067 /* SegmentedVC.swift */,
			);
			path = Segmented;
			sourceTree = "<group>";
		};
		8D685B962A49D52100629A37 /* Views */ = {
			isa = PBXGroup;
			children = (
				8D685B972A49D53100629A37 /* CounterView.swift */,
			);
			path = Views;
			sourceTree = "<group>";
		};
		8D98EBAE2A4486B8009DF067 /* Network */ = {
			isa = PBXGroup;
			children = (
				8D98EBAF2A4486B8009DF067 /* TypiCodeAPI.swift */,
				8D98EBB02A4486B8009DF067 /* NetworkManager.swift */,
				8D98EBB12A4486B8009DF067 /* API.swift */,
			);
			path = Network;
			sourceTree = "<group>";
		};
		8DA817A32A482B05000DCEBB /* TCA */ = {
			isa = PBXGroup;
			children = (
				8DD7138F2A484B7100209EEF /* NotificationSettingVC.swift */,
				8DD713942A4852D500209EEF /* NotificationSettingTableViewCell.swift */,
				8D685B922A49B93D00629A37 /* CounterVC.swift */,
				8D685B942A49C30B00629A37 /* TwoCountersVC.swift */,
				8D685B962A49D52100629A37 /* Views */,
			);
			path = TCA;
			sourceTree = "<group>";
		};
		8DAC242B29F3EB890012A85F /* Scene */ = {
			isa = PBXGroup;
			children = (
				8D1860F52A28DD2D00F89D18 /* MainNaviVC.swift */,
				8D1860F72A28DDC500F89D18 /* LabsVC.swift */,
				8D36172029F2CA7F00231628 /* MainVC.swift */,
				8D38229C29F50FC500B71F26 /* Cell */,
				8D1860F92A28FD7000F89D18 /* Web */,
				8D4D3D3D2A3E0861009A64F6 /* Segmented */,
				8DAC242C29F3EBB50012A85F /* Then */,
				8DA817A32A482B05000DCEBB /* TCA */,
			);
			path = Scene;
			sourceTree = "<group>";
		};
		8DAC242C29F3EBB50012A85F /* Then */ = {
			isa = PBXGroup;
			children = (
				8DAC243529F433F50012A85F /* PractiseThenVC.swift */,
				8D38229D29F5107D00B71F26 /* PractiseThenVM.swift */,
				8D38229F29F512B300B71F26 /* Header */,
			);
			path = Then;
			sourceTree = "<group>";
		};
		8DD713912A48511A00209EEF /* Common */ = {
			isa = PBXGroup;
			children = (
				8D685B902A49B71900629A37 /* BaseVC.swift */,
				8D685B992A49D8C500629A37 /* BaseView.swift */,
				8DD713922A48512D00209EEF /* NavigationBarView.swift */,
				8DD713962A4853DD00209EEF /* UIColor+.swift */,
				8DD7139D2A485CC000209EEF /* TableView+.swift */,
			);
			path = Common;
			sourceTree = "<group>";
		};
/* End PBXGroup section */

/* Begin PBXNativeTarget section */
		8D36171829F2CA7F00231628 /* LabsProject */ = {
			isa = PBXNativeTarget;
			buildConfigurationList = 8D36172D29F2CA8000231628 /* Build configuration list for PBXNativeTarget "LabsProject" */;
			buildPhases = (
				8D36171529F2CA7F00231628 /* Sources */,
				8D36171629F2CA7F00231628 /* Frameworks */,
				8D36171729F2CA7F00231628 /* Resources */,
			);
			buildRules = (
			);
			dependencies = (
			);
			name = LabsProject;
			packageProductDependencies = (
				8DAC243029F417BB0012A85F /* SnapKit */,
				8DAC243329F41A7C0012A85F /* Then */,
				8DD7138A2A4846D800209EEF /* Alamofire */,
				8DD7138D2A4848D600209EEF /* ComposableArchitecture */,
				8DD7139B2A485A9000209EEF /* CombineCocoa */,
			);
			productName = LabsProject;
			productReference = 8D36171929F2CA7F00231628 /* LabsProject.app */;
			productType = "com.apple.product-type.application";
		};
/* End PBXNativeTarget section */

/* Begin PBXProject section */
		8D36171129F2CA7F00231628 /* Project object */ = {
			isa = PBXProject;
			attributes = {
				BuildIndependentTargetsInParallel = 1;
				LastSwiftUpdateCheck = 1430;
				LastUpgradeCheck = 1430;
				TargetAttributes = {
					8D36171829F2CA7F00231628 = {
						CreatedOnToolsVersion = 14.3;
					};
				};
			};
			buildConfigurationList = 8D36171429F2CA7F00231628 /* Build configuration list for PBXProject "LabsProject" */;
			compatibilityVersion = "Xcode 14.0";
			developmentRegion = en;
			hasScannedForEncodings = 0;
			knownRegions = (
				en,
				Base,
			);
			mainGroup = 8D36171029F2CA7F00231628;
			packageReferences = (
				8DAC242F29F417BB0012A85F /* XCRemoteSwiftPackageReference "SnapKit" */,
				8DAC243229F41A7C0012A85F /* XCRemoteSwiftPackageReference "Then" */,
				8DD713892A4846D800209EEF /* XCRemoteSwiftPackageReference "Alamofire" */,
				8DD7138C2A4848D600209EEF /* XCRemoteSwiftPackageReference "swift-composable-architecture" */,
				8DD7139A2A485A9000209EEF /* XCRemoteSwiftPackageReference "CombineCocoa" */,
			);
			productRefGroup = 8D36171A29F2CA7F00231628 /* Products */;
			projectDirPath = "";
			projectRoot = "";
			targets = (
				8D36171829F2CA7F00231628 /* LabsProject */,
			);
		};
/* End PBXProject section */

/* Begin PBXResourcesBuildPhase section */
		8D36171729F2CA7F00231628 /* Resources */ = {
			isa = PBXResourcesBuildPhase;
			buildActionMask = 2147483647;
			files = (
				8D1860FD2A290BBB00F89D18 /* Test.html in Resources */,
				8D36172929F2CA8000231628 /* LaunchScreen.storyboard in Resources */,
				8D36172629F2CA8000231628 /* Assets.xcassets in Resources */,
			);
			runOnlyForDeploymentPostprocessing = 0;
		};
/* End PBXResourcesBuildPhase section */

/* Begin PBXSourcesBuildPhase section */
		8D36171529F2CA7F00231628 /* Sources */ = {
			isa = PBXSourcesBuildPhase;
			buildActionMask = 2147483647;
			files = (
				8D36172129F2CA7F00231628 /* MainVC.swift in Sources */,
				8D98EBAD2A44858B009DF067 /* SegmentedVC.swift in Sources */,
				8D685B952A49C30B00629A37 /* TwoCountersVC.swift in Sources */,
				8DAC243629F433F50012A85F /* PractiseThenVC.swift in Sources */,
				8D36171D29F2CA7F00231628 /* AppDelegate.swift in Sources */,
				8DD713902A484B7100209EEF /* NotificationSettingVC.swift in Sources */,
				8DD7139E2A485CC000209EEF /* TableView+.swift in Sources */,
				8D98EBB42A4486B8009DF067 /* API.swift in Sources */,
				8D98EBB22A4486B8009DF067 /* TypiCodeAPI.swift in Sources */,
				8D1860F82A28DDC500F89D18 /* LabsVC.swift in Sources */,
				8DAC242E29F412480012A85F /* MainTableViewCell.swift in Sources */,
				8D38229E29F5107D00B71F26 /* PractiseThenVM.swift in Sources */,
				8D685B9A2A49D8C500629A37 /* BaseView.swift in Sources */,
				8D36171F29F2CA7F00231628 /* SceneDelegate.swift in Sources */,
				8DD713932A48512D00209EEF /* NavigationBarView.swift in Sources */,
				8D63FF462A30D8EC002177AA /* CookieWebVC.swift in Sources */,
				8DD713952A4852D500209EEF /* NotificationSettingTableViewCell.swift in Sources */,
				8D685B932A49B93D00629A37 /* CounterVC.swift in Sources */,
				8DD713972A4853DD00209EEF /* UIColor+.swift in Sources */,
				8D98EBB32A4486B8009DF067 /* NetworkManager.swift in Sources */,
				8D1860FB2A29070B00F89D18 /* WebVC.swift in Sources */,
				8D3822A129F512CF00B71F26 /* PractiseThenTableViewHeader.swift in Sources */,
				8D685B912A49B71900629A37 /* BaseVC.swift in Sources */,
				8D1860F62A28DD2D00F89D18 /* MainNaviVC.swift in Sources */,
				8D685B982A49D53100629A37 /* CounterView.swift in Sources */,
			);
			runOnlyForDeploymentPostprocessing = 0;
		};
/* End PBXSourcesBuildPhase section */

/* Begin PBXVariantGroup section */
		8D36172729F2CA8000231628 /* LaunchScreen.storyboard */ = {
			isa = PBXVariantGroup;
			children = (
				8D36172829F2CA8000231628 /* Base */,
			);
			name = LaunchScreen.storyboard;
			sourceTree = "<group>";
		};
/* End PBXVariantGroup section */

/* Begin XCBuildConfiguration section */
		8D36172B29F2CA8000231628 /* Debug */ = {
			isa = XCBuildConfiguration;
			buildSettings = {
				ALWAYS_SEARCH_USER_PATHS = NO;
				CLANG_ANALYZER_NONNULL = YES;
				CLANG_ANALYZER_NUMBER_OBJECT_CONVERSION = YES_AGGRESSIVE;
				CLANG_CXX_LANGUAGE_STANDARD = "gnu++20";
				CLANG_ENABLE_MODULES = YES;
				CLANG_ENABLE_OBJC_ARC = YES;
				CLANG_ENABLE_OBJC_WEAK = YES;
				CLANG_WARN_BLOCK_CAPTURE_AUTORELEASING = YES;
				CLANG_WARN_BOOL_CONVERSION = YES;
				CLANG_WARN_COMMA = YES;
				CLANG_WARN_CONSTANT_CONVERSION = YES;
				CLANG_WARN_DEPRECATED_OBJC_IMPLEMENTATIONS = YES;
				CLANG_WARN_DIRECT_OBJC_ISA_USAGE = YES_ERROR;
				CLANG_WARN_DOCUMENTATION_COMMENTS = YES;
				CLANG_WARN_EMPTY_BODY = YES;
				CLANG_WARN_ENUM_CONVERSION = YES;
				CLANG_WARN_INFINITE_RECURSION = YES;
				CLANG_WARN_INT_CONVERSION = YES;
				CLANG_WARN_NON_LITERAL_NULL_CONVERSION = YES;
				CLANG_WARN_OBJC_IMPLICIT_RETAIN_SELF = YES;
				CLANG_WARN_OBJC_LITERAL_CONVERSION = YES;
				CLANG_WARN_OBJC_ROOT_CLASS = YES_ERROR;
				CLANG_WARN_QUOTED_INCLUDE_IN_FRAMEWORK_HEADER = YES;
				CLANG_WARN_RANGE_LOOP_ANALYSIS = YES;
				CLANG_WARN_STRICT_PROTOTYPES = YES;
				CLANG_WARN_SUSPICIOUS_MOVE = YES;
				CLANG_WARN_UNGUARDED_AVAILABILITY = YES_AGGRESSIVE;
				CLANG_WARN_UNREACHABLE_CODE = YES;
				CLANG_WARN__DUPLICATE_METHOD_MATCH = YES;
				COPY_PHASE_STRIP = NO;
				DEBUG_INFORMATION_FORMAT = dwarf;
				ENABLE_STRICT_OBJC_MSGSEND = YES;
				ENABLE_TESTABILITY = YES;
				GCC_C_LANGUAGE_STANDARD = gnu11;
				GCC_DYNAMIC_NO_PIC = NO;
				GCC_NO_COMMON_BLOCKS = YES;
				GCC_OPTIMIZATION_LEVEL = 0;
				GCC_PREPROCESSOR_DEFINITIONS = (
					"DEBUG=1",
					"$(inherited)",
				);
				GCC_WARN_64_TO_32_BIT_CONVERSION = YES;
				GCC_WARN_ABOUT_RETURN_TYPE = YES_ERROR;
				GCC_WARN_UNDECLARED_SELECTOR = YES;
				GCC_WARN_UNINITIALIZED_AUTOS = YES_AGGRESSIVE;
				GCC_WARN_UNUSED_FUNCTION = YES;
				GCC_WARN_UNUSED_VARIABLE = YES;
				IPHONEOS_DEPLOYMENT_TARGET = 15.0;
				MTL_ENABLE_DEBUG_INFO = INCLUDE_SOURCE;
				MTL_FAST_MATH = YES;
				ONLY_ACTIVE_ARCH = YES;
				SDKROOT = iphoneos;
				SWIFT_ACTIVE_COMPILATION_CONDITIONS = DEBUG;
				SWIFT_OPTIMIZATION_LEVEL = "-Onone";
			};
			name = Debug;
		};
		8D36172C29F2CA8000231628 /* Release */ = {
			isa = XCBuildConfiguration;
			buildSettings = {
				ALWAYS_SEARCH_USER_PATHS = NO;
				CLANG_ANALYZER_NONNULL = YES;
				CLANG_ANALYZER_NUMBER_OBJECT_CONVERSION = YES_AGGRESSIVE;
				CLANG_CXX_LANGUAGE_STANDARD = "gnu++20";
				CLANG_ENABLE_MODULES = YES;
				CLANG_ENABLE_OBJC_ARC = YES;
				CLANG_ENABLE_OBJC_WEAK = YES;
				CLANG_WARN_BLOCK_CAPTURE_AUTORELEASING = YES;
				CLANG_WARN_BOOL_CONVERSION = YES;
				CLANG_WARN_COMMA = YES;
				CLANG_WARN_CONSTANT_CONVERSION = YES;
				CLANG_WARN_DEPRECATED_OBJC_IMPLEMENTATIONS = YES;
				CLANG_WARN_DIRECT_OBJC_ISA_USAGE = YES_ERROR;
				CLANG_WARN_DOCUMENTATION_COMMENTS = YES;
				CLANG_WARN_EMPTY_BODY = YES;
				CLANG_WARN_ENUM_CONVERSION = YES;
				CLANG_WARN_INFINITE_RECURSION = YES;
				CLANG_WARN_INT_CONVERSION = YES;
				CLANG_WARN_NON_LITERAL_NULL_CONVERSION = YES;
				CLANG_WARN_OBJC_IMPLICIT_RETAIN_SELF = YES;
				CLANG_WARN_OBJC_LITERAL_CONVERSION = YES;
				CLANG_WARN_OBJC_ROOT_CLASS = YES_ERROR;
				CLANG_WARN_QUOTED_INCLUDE_IN_FRAMEWORK_HEADER = YES;
				CLANG_WARN_RANGE_LOOP_ANALYSIS = YES;
				CLANG_WARN_STRICT_PROTOTYPES = YES;
				CLANG_WARN_SUSPICIOUS_MOVE = YES;
				CLANG_WARN_UNGUARDED_AVAILABILITY = YES_AGGRESSIVE;
				CLANG_WARN_UNREACHABLE_CODE = YES;
				CLANG_WARN__DUPLICATE_METHOD_MATCH = YES;
				COPY_PHASE_STRIP = NO;
				DEBUG_INFORMATION_FORMAT = "dwarf-with-dsym";
				ENABLE_NS_ASSERTIONS = NO;
				ENABLE_STRICT_OBJC_MSGSEND = YES;
				GCC_C_LANGUAGE_STANDARD = gnu11;
				GCC_NO_COMMON_BLOCKS = YES;
				GCC_WARN_64_TO_32_BIT_CONVERSION = YES;
				GCC_WARN_ABOUT_RETURN_TYPE = YES_ERROR;
				GCC_WARN_UNDECLARED_SELECTOR = YES;
				GCC_WARN_UNINITIALIZED_AUTOS = YES_AGGRESSIVE;
				GCC_WARN_UNUSED_FUNCTION = YES;
				GCC_WARN_UNUSED_VARIABLE = YES;
				IPHONEOS_DEPLOYMENT_TARGET = 15.0;
				MTL_ENABLE_DEBUG_INFO = NO;
				MTL_FAST_MATH = YES;
				SDKROOT = iphoneos;
				SWIFT_COMPILATION_MODE = wholemodule;
				SWIFT_OPTIMIZATION_LEVEL = "-O";
				VALIDATE_PRODUCT = YES;
			};
			name = Release;
		};
		8D36172E29F2CA8000231628 /* Debug */ = {
			isa = XCBuildConfiguration;
			buildSettings = {
				ASSETCATALOG_COMPILER_APPICON_NAME = AppIcon;
				ASSETCATALOG_COMPILER_GLOBAL_ACCENT_COLOR_NAME = AccentColor;
				CODE_SIGN_STYLE = Automatic;
				CURRENT_PROJECT_VERSION = 1;
				DEVELOPMENT_TEAM = 54V3G99LL8;
				GENERATE_INFOPLIST_FILE = YES;
				INFOPLIST_FILE = LabsProject/Info.plist;
				INFOPLIST_KEY_UIApplicationSupportsIndirectInputEvents = YES;
				INFOPLIST_KEY_UILaunchStoryboardName = LaunchScreen;
				INFOPLIST_KEY_UISupportedInterfaceOrientations_iPad = "UIInterfaceOrientationPortrait UIInterfaceOrientationPortraitUpsideDown UIInterfaceOrientationLandscapeLeft UIInterfaceOrientationLandscapeRight";
				INFOPLIST_KEY_UISupportedInterfaceOrientations_iPhone = "UIInterfaceOrientationPortrait UIInterfaceOrientationLandscapeLeft UIInterfaceOrientationLandscapeRight";
				IPHONEOS_DEPLOYMENT_TARGET = 15.0;
				LD_RUNPATH_SEARCH_PATHS = (
					"$(inherited)",
					"@executable_path/Frameworks",
				);
				MARKETING_VERSION = 1.0.0;
				PRODUCT_BUNDLE_IDENTIFIER = com.lonalia.LabsProject;
				PRODUCT_NAME = "$(TARGET_NAME)";
				SWIFT_EMIT_LOC_STRINGS = YES;
				SWIFT_VERSION = 5.0;
				TARGETED_DEVICE_FAMILY = "1,2";
			};
			name = Debug;
		};
		8D36172F29F2CA8000231628 /* Release */ = {
			isa = XCBuildConfiguration;
			buildSettings = {
				ASSETCATALOG_COMPILER_APPICON_NAME = AppIcon;
				ASSETCATALOG_COMPILER_GLOBAL_ACCENT_COLOR_NAME = AccentColor;
				CODE_SIGN_STYLE = Automatic;
				CURRENT_PROJECT_VERSION = 1;
				DEVELOPMENT_TEAM = 54V3G99LL8;
				GENERATE_INFOPLIST_FILE = YES;
				INFOPLIST_FILE = LabsProject/Info.plist;
				INFOPLIST_KEY_UIApplicationSupportsIndirectInputEvents = YES;
				INFOPLIST_KEY_UILaunchStoryboardName = LaunchScreen;
				INFOPLIST_KEY_UISupportedInterfaceOrientations_iPad = "UIInterfaceOrientationPortrait UIInterfaceOrientationPortraitUpsideDown UIInterfaceOrientationLandscapeLeft UIInterfaceOrientationLandscapeRight";
				INFOPLIST_KEY_UISupportedInterfaceOrientations_iPhone = "UIInterfaceOrientationPortrait UIInterfaceOrientationLandscapeLeft UIInterfaceOrientationLandscapeRight";
				IPHONEOS_DEPLOYMENT_TARGET = 15.0;
				LD_RUNPATH_SEARCH_PATHS = (
					"$(inherited)",
					"@executable_path/Frameworks",
				);
				MARKETING_VERSION = 1.0.0;
				PRODUCT_BUNDLE_IDENTIFIER = com.lonalia.LabsProject;
				PRODUCT_NAME = "$(TARGET_NAME)";
				SWIFT_EMIT_LOC_STRINGS = YES;
				SWIFT_VERSION = 5.0;
				TARGETED_DEVICE_FAMILY = "1,2";
			};
			name = Release;
		};
/* End XCBuildConfiguration section */

/* Begin XCConfigurationList section */
		8D36171429F2CA7F00231628 /* Build configuration list for PBXProject "LabsProject" */ = {
			isa = XCConfigurationList;
			buildConfigurations = (
				8D36172B29F2CA8000231628 /* Debug */,
				8D36172C29F2CA8000231628 /* Release */,
			);
			defaultConfigurationIsVisible = 0;
			defaultConfigurationName = Release;
		};
		8D36172D29F2CA8000231628 /* Build configuration list for PBXNativeTarget "LabsProject" */ = {
			isa = XCConfigurationList;
			buildConfigurations = (
				8D36172E29F2CA8000231628 /* Debug */,
				8D36172F29F2CA8000231628 /* Release */,
			);
			defaultConfigurationIsVisible = 0;
			defaultConfigurationName = Release;
		};
/* End XCConfigurationList section */

/* Begin XCRemoteSwiftPackageReference section */
		8DAC242F29F417BB0012A85F /* XCRemoteSwiftPackageReference "SnapKit" */ = {
			isa = XCRemoteSwiftPackageReference;
			repositoryURL = "https://github.com/SnapKit/SnapKit";
			requirement = {
				kind = upToNextMajorVersion;
				minimumVersion = 5.0.0;
			};
		};
		8DAC243229F41A7C0012A85F /* XCRemoteSwiftPackageReference "Then" */ = {
			isa = XCRemoteSwiftPackageReference;
			repositoryURL = "https://github.com/devxoul/Then";
			requirement = {
				kind = upToNextMajorVersion;
				minimumVersion = 3.0.0;
			};
		};
		8DD713892A4846D800209EEF /* XCRemoteSwiftPackageReference "Alamofire" */ = {
			isa = XCRemoteSwiftPackageReference;
			repositoryURL = "https://github.com/Alamofire/Alamofire#features";
			requirement = {
				kind = upToNextMinorVersion;
				minimumVersion = 5.7.0;
			};
		};
		8DD7138C2A4848D600209EEF /* XCRemoteSwiftPackageReference "swift-composable-architecture" */ = {
			isa = XCRemoteSwiftPackageReference;
			repositoryURL = "https://github.com/pointfreeco/swift-composable-architecture";
			requirement = {
				kind = upToNextMajorVersion;
				minimumVersion = 0.54.1;
			};
		};
		8DD7139A2A485A9000209EEF /* XCRemoteSwiftPackageReference "CombineCocoa" */ = {
			isa = XCRemoteSwiftPackageReference;
			repositoryURL = "https://github.com/CombineCommunity/CombineCocoa";
			requirement = {
				kind = upToNextMajorVersion;
				minimumVersion = 0.4.1;
			};
		};
/* End XCRemoteSwiftPackageReference section */

/* Begin XCSwiftPackageProductDependency section */
		8DAC243029F417BB0012A85F /* SnapKit */ = {
			isa = XCSwiftPackageProductDependency;
			package = 8DAC242F29F417BB0012A85F /* XCRemoteSwiftPackageReference "SnapKit" */;
			productName = SnapKit;
		};
		8DAC243329F41A7C0012A85F /* Then */ = {
			isa = XCSwiftPackageProductDependency;
			package = 8DAC243229F41A7C0012A85F /* XCRemoteSwiftPackageReference "Then" */;
			productName = Then;
		};
		8DD7138A2A4846D800209EEF /* Alamofire */ = {
			isa = XCSwiftPackageProductDependency;
			package = 8DD713892A4846D800209EEF /* XCRemoteSwiftPackageReference "Alamofire" */;
			productName = Alamofire;
		};
		8DD7138D2A4848D600209EEF /* ComposableArchitecture */ = {
			isa = XCSwiftPackageProductDependency;
			package = 8DD7138C2A4848D600209EEF /* XCRemoteSwiftPackageReference "swift-composable-architecture" */;
			productName = ComposableArchitecture;
		};
		8DD7139B2A485A9000209EEF /* CombineCocoa */ = {
			isa = XCSwiftPackageProductDependency;
			package = 8DD7139A2A485A9000209EEF /* XCRemoteSwiftPackageReference "CombineCocoa" */;
			productName = CombineCocoa;
		};
/* End XCSwiftPackageProductDependency section */
	};
	rootObject = 8D36171129F2CA7F00231628 /* Project object */;
}
